
Microsoft Visual Studio Solution File, Format Version 12.00
# Visual Studio Version 17
VisualStudioVersion = 17.3.32929.385
MinimumVisualStudioVersion = 10.0.40219.1
Project("{FAE04EC0-301F-11D3-BF4B-00C04F79EFBC}") = "WebApi", "WebApi\WebApi.csproj", "{72D964E0-31C9-458E-8DE0-4BE7D5DC8C65}"
EndProject
Global
	GlobalSection(SolutionConfigurationPlatforms) = preSolution
		Debug|Any CPU = Debug|Any CPU
		Release|Any CPU = Release|Any CPU
	EndGlobalSection
	GlobalSection(ProjectConfigurationPlatforms) = postSolution
		{72D964E0-31C9-458E-8DE0-4BE7D5DC8C65}.Debug|Any CPU.ActiveCfg = Debug|Any CPU
		{72D964E0-31C9-458E-8DE0-4BE7D5DC8C65}.Debug|Any CPU.Build.0 = Debug|Any CPU
		{72D964E0-31C9-458E-8DE0-4BE7D5DC8C65}.Release|Any CPU.ActiveCfg = Release|Any CPU
		{72D964E0-31C9-458E-8DE0-4BE7D5DC8C65}.Release|Any CPU.Build.0 = Release|Any CPU
	EndGlobalSection
	GlobalSection(SolutionProperties) = preSolution
		HideSolutionNode = FALSE
	EndGlobalSection
	GlobalSection(ExtensibilityGlobals) = postSolution
		SolutionGuid = {5E2C6801-7CB2-4B98-B7F4-890A4B46006D}
	EndGlobalSection
EndGlobal
